
Microsoft Visual Studio Solution File, Format Version 11.00
# Visual C++ Express 2010
Project("{8BC9CEB8-8B4A-11D0-8D11-00A0C91BC942}") = "MD_fo_mol", "MD_fo_mol.vcxproj", "{13BDB22C-988C-45CB-BFC3-A1766C68592A}"
EndProject
Global
	GlobalSection(SolutionConfigurationPlatforms) = preSolution
		Debug|Win32 = Debug|Win32
		Release|Win32 = Release|Win32
	EndGlobalSection
	GlobalSection(ProjectConfigurationPlatforms) = postSolution
		{13BDB22C-988C-45CB-BFC3-A1766C68592A}.Debug|Win32.ActiveCfg = Debug|Win32
		{13BDB22C-988C-45CB-BFC3-A1766C68592A}.Debug|Win32.Build.0 = Debug|Win32
		{13BDB22C-988C-45CB-BFC3-A1766C68592A}.Release|Win32.ActiveCfg = Release|Win32
		{13BDB22C-988C-45CB-BFC3-A1766C68592A}.Release|Win32.Build.0 = Release|Win32
	EndGlobalSection
	GlobalSection(SolutionProperties) = preSolution
		HideSolutionNode = FALSE
	EndGlobalSection
EndGlobal
